// !$*UTF8*$!
{
	archiveVersion = 1;
	classes = {
	};
	objectVersion = 46;
	objects = {

/* Begin PBXBuildFile section */
		760BF9F61C50F0F100E06366 /* TwinderFavorites.xcdatamodeld in Sources */ = {isa = PBXBuildFile; fileRef = 760BF9F41C50F0F100E06366 /* TwinderFavorites.xcdatamodeld */; };
		760BFA0E1C50F2EE00E06366 /* CoreData.framework in Frameworks */ = {isa = PBXBuildFile; fileRef = 760BFA0D1C50F2EE00E06366 /* CoreData.framework */; };
		760BFA111C50F31200E06366 /* TWCoreDataManager.m in Sources */ = {isa = PBXBuildFile; fileRef = 760BFA101C50F31200E06366 /* TWCoreDataManager.m */; };
		760FE8021C477891008F131F /* main.m in Sources */ = {isa = PBXBuildFile; fileRef = 760FE8011C477891008F131F /* main.m */; };
		760FE8051C477891008F131F /* AppDelegate.m in Sources */ = {isa = PBXBuildFile; fileRef = 760FE8041C477891008F131F /* AppDelegate.m */; };
		760FE8081C477891008F131F /* TWFollowingsListViewController.m in Sources */ = {isa = PBXBuildFile; fileRef = 760FE8071C477891008F131F /* TWFollowingsListViewController.m */; };
		760FE80B1C477891008F131F /* Main.storyboard in Resources */ = {isa = PBXBuildFile; fileRef = 760FE8091C477891008F131F /* Main.storyboard */; };
		760FE80D1C477891008F131F /* Assets.xcassets in Resources */ = {isa = PBXBuildFile; fileRef = 760FE80C1C477891008F131F /* Assets.xcassets */; };
		760FE8101C477891008F131F /* LaunchScreen.storyboard in Resources */ = {isa = PBXBuildFile; fileRef = 760FE80E1C477891008F131F /* LaunchScreen.storyboard */; };
		760FE8181C477D83008F131F /* Accounts.framework in Frameworks */ = {isa = PBXBuildFile; fileRef = 760FE8171C477D83008F131F /* Accounts.framework */; };
		760FE81A1C477D88008F131F /* Social.framework in Frameworks */ = {isa = PBXBuildFile; fileRef = 760FE8191C477D88008F131F /* Social.framework */; };
		760FE81D1C479D66008F131F /* TWAPIManager.m in Sources */ = {isa = PBXBuildFile; fileRef = 760FE81C1C479D66008F131F /* TWAPIManager.m */; };
		760FE8251C47C1CC008F131F /* TWTwitterAccount.m in Sources */ = {isa = PBXBuildFile; fileRef = 760FE8241C47C1CC008F131F /* TWTwitterAccount.m */; };
		760FE8281C47C245008F131F /* TWAccountManager.m in Sources */ = {isa = PBXBuildFile; fileRef = 760FE8271C47C245008F131F /* TWAccountManager.m */; };
		760FE82B1C47D13C008F131F /* TWFollowingTableViewCell.m in Sources */ = {isa = PBXBuildFile; fileRef = 760FE82A1C47D13C008F131F /* TWFollowingTableViewCell.m */; };
		761A76D81C4F851700007C35 /* TWFavoritesTableViewController.m in Sources */ = {isa = PBXBuildFile; fileRef = 761A76D71C4F851700007C35 /* TWFavoritesTableViewController.m */; };
		761A76DC1C4FA2EB00007C35 /* TWFavoritesManager.m in Sources */ = {isa = PBXBuildFile; fileRef = 761A76DB1C4FA2EB00007C35 /* TWFavoritesManager.m */; };
		762E85671C62514200578CB7 /* FavoriteAccount+CoreDataProperties.m in Sources */ = {isa = PBXBuildFile; fileRef = 762E85641C62514200578CB7 /* FavoriteAccount+CoreDataProperties.m */; };
		762E85681C62514200578CB7 /* FavoriteAccount.m in Sources */ = {isa = PBXBuildFile; fileRef = 762E85661C62514200578CB7 /* FavoriteAccount.m */; };
		762E856D1C63361F00578CB7 /* cross.png in Resources */ = {isa = PBXBuildFile; fileRef = 762E856C1C63361F00578CB7 /* cross.png */; };
		762E856F1C63535B00578CB7 /* heart.png in Resources */ = {isa = PBXBuildFile; fileRef = 762E856E1C63535B00578CB7 /* heart.png */; };
		762E85711C6353CE00578CB7 /* retweet.png in Resources */ = {isa = PBXBuildFile; fileRef = 762E85701C6353CE00578CB7 /* retweet.png */; };
		762E85781C6367E200578CB7 /* cross2.png in Resources */ = {isa = PBXBuildFile; fileRef = 762E85771C6367E200578CB7 /* cross2.png */; };
		762E857A1C63689700578CB7 /* cross3.png in Resources */ = {isa = PBXBuildFile; fileRef = 762E85791C63689700578CB7 /* cross3.png */; };
		762E857C1C63693100578CB7 /* taskos.png in Resources */ = {isa = PBXBuildFile; fileRef = 762E857B1C63693100578CB7 /* taskos.png */; };
		762E857E1C6369AC00578CB7 /* retweet2.png in Resources */ = {isa = PBXBuildFile; fileRef = 762E857D1C6369AC00578CB7 /* retweet2.png */; };
		762E85801C636AB000578CB7 /* retweet_small.png in Resources */ = {isa = PBXBuildFile; fileRef = 762E857F1C636AB000578CB7 /* retweet_small.png */; };
		762E85821C636BEB00578CB7 /* heart_small.png in Resources */ = {isa = PBXBuildFile; fileRef = 762E85811C636BEB00578CB7 /* heart_small.png */; };
		762E85841C6377BD00578CB7 /* favorites.png in Resources */ = {isa = PBXBuildFile; fileRef = 762E85831C6377BD00578CB7 /* favorites.png */; };
		7662C89C1C5A3CC800544150 /* TWTweet.m in Sources */ = {isa = PBXBuildFile; fileRef = 7662C89B1C5A3CC800544150 /* TWTweet.m */; };
		7662C89F1C5B3CB800544150 /* TWTweetView.m in Sources */ = {isa = PBXBuildFile; fileRef = 7662C89E1C5B3CB800544150 /* TWTweetView.m */; };
		7662C8A21C5B3D8F00544150 /* TWImageLabelView.m in Sources */ = {isa = PBXBuildFile; fileRef = 7662C8A11C5B3D8F00544150 /* TWImageLabelView.m */; };
		7662C8A41C5B5E1700544150 /* TWTweetView.xib in Resources */ = {isa = PBXBuildFile; fileRef = 7662C8A31C5B5E1700544150 /* TWTweetView.xib */; };
		766348191C5135FE00E8F287 /* NSManagedObjectContext+Extensions.m in Sources */ = {isa = PBXBuildFile; fileRef = 766348161C5135FE00E8F287 /* NSManagedObjectContext+Extensions.m */; };
		7663481A1C5135FE00E8F287 /* TTController.m in Sources */ = {isa = PBXBuildFile; fileRef = 766348181C5135FE00E8F287 /* TTController.m */; };
		7663481E1C51372800E8F287 /* TTController+FavoriteAccount.m in Sources */ = {isa = PBXBuildFile; fileRef = 7663481D1C51372800E8F287 /* TTController+FavoriteAccount.m */; };
		766348271C51FBC900E8F287 /* TWTweetCardViewController.m in Sources */ = {isa = PBXBuildFile; fileRef = 766348261C51FBC900E8F287 /* TWTweetCardViewController.m */; };
		7684FC461C4E0D8100E3A1C3 /* TWResultsTableViewController.m in Sources */ = {isa = PBXBuildFile; fileRef = 7684FC451C4E0D8100E3A1C3 /* TWResultsTableViewController.m */; };
		76CEEAF01C50A4B4004A6520 /* TWTwinderEngine.m in Sources */ = {isa = PBXBuildFile; fileRef = 76CEEAEF1C50A4B4004A6520 /* TWTwinderEngine.m */; };
		76CEEAF21C50C17A004A6520 /* iphone5_ios6.jpg in Resources */ = {isa = PBXBuildFile; fileRef = 76CEEAF11C50C17A004A6520 /* iphone5_ios6.jpg */; };
		76E728EA1C60827A00B51422 /* TWTweetFactory.m in Sources */ = {isa = PBXBuildFile; fileRef = 76E728E91C60827A00B51422 /* TWTweetFactory.m */; };
		87327EC5F401D708B1D5A16B /* libPods-TWListOfFollwers.a in Frameworks */ = {isa = PBXBuildFile; fileRef = 81E0AF0DC1363F047B0A012F /* libPods-TWListOfFollwers.a */; };
/* End PBXBuildFile section */

/* Begin PBXFileReference section */
		760BF9F51C50F0F100E06366 /* TwinderFavorites.xcdatamodel */ = {isa = PBXFileReference; lastKnownFileType = wrapper.xcdatamodel; path = TwinderFavorites.xcdatamodel; sourceTree = "<group>"; };
		760BFA0D1C50F2EE00E06366 /* CoreData.framework */ = {isa = PBXFileReference; lastKnownFileType = wrapper.framework; name = CoreData.framework; path = System/Library/Frameworks/CoreData.framework; sourceTree = SDKROOT; };
		760BFA0F1C50F31200E06366 /* TWCoreDataManager.h */ = {isa = PBXFileReference; fileEncoding = 4; lastKnownFileType = sourcecode.c.h; path = TWCoreDataManager.h; sourceTree = "<group>"; };
		760BFA101C50F31200E06366 /* TWCoreDataManager.m */ = {isa = PBXFileReference; fileEncoding = 4; lastKnownFileType = sourcecode.c.objc; path = TWCoreDataManager.m; sourceTree = "<group>"; };
		760BFA141C50F5FA00E06366 /* TWListOfFollwers-PrefixHeader.pch */ = {isa = PBXFileReference; fileEncoding = 4; lastKnownFileType = sourcecode.c.h; name = "TWListOfFollwers-PrefixHeader.pch"; path = "../TWListOfFollwers-PrefixHeader.pch"; sourceTree = "<group>"; };
		760FE7FD1C477891008F131F /* TWListOfFollwers.app */ = {isa = PBXFileReference; explicitFileType = wrapper.application; includeInIndex = 0; path = TWListOfFollwers.app; sourceTree = BUILT_PRODUCTS_DIR; };
		760FE8011C477891008F131F /* main.m */ = {isa = PBXFileReference; lastKnownFileType = sourcecode.c.objc; path = main.m; sourceTree = "<group>"; };
		760FE8031C477891008F131F /* AppDelegate.h */ = {isa = PBXFileReference; lastKnownFileType = sourcecode.c.h; path = AppDelegate.h; sourceTree = "<group>"; };
		760FE8041C477891008F131F /* AppDelegate.m */ = {isa = PBXFileReference; lastKnownFileType = sourcecode.c.objc; path = AppDelegate.m; sourceTree = "<group>"; };
		760FE8061C477891008F131F /* TWFollowingsListViewController.h */ = {isa = PBXFileReference; lastKnownFileType = sourcecode.c.h; path = TWFollowingsListViewController.h; sourceTree = "<group>"; };
		760FE8071C477891008F131F /* TWFollowingsListViewController.m */ = {isa = PBXFileReference; lastKnownFileType = sourcecode.c.objc; path = TWFollowingsListViewController.m; sourceTree = "<group>"; };
		760FE80A1C477891008F131F /* Base */ = {isa = PBXFileReference; lastKnownFileType = file.storyboard; name = Base; path = Base.lproj/Main.storyboard; sourceTree = "<group>"; };
		760FE80C1C477891008F131F /* Assets.xcassets */ = {isa = PBXFileReference; lastKnownFileType = folder.assetcatalog; path = Assets.xcassets; sourceTree = "<group>"; };
		760FE80F1C477891008F131F /* Base */ = {isa = PBXFileReference; lastKnownFileType = file.storyboard; name = Base; path = Base.lproj/LaunchScreen.storyboard; sourceTree = "<group>"; };
		760FE8111C477891008F131F /* Info.plist */ = {isa = PBXFileReference; lastKnownFileType = text.plist.xml; path = Info.plist; sourceTree = "<group>"; };
		760FE8171C477D83008F131F /* Accounts.framework */ = {isa = PBXFileReference; lastKnownFileType = wrapper.framework; name = Accounts.framework; path = System/Library/Frameworks/Accounts.framework; sourceTree = SDKROOT; };
		760FE8191C477D88008F131F /* Social.framework */ = {isa = PBXFileReference; lastKnownFileType = wrapper.framework; name = Social.framework; path = System/Library/Frameworks/Social.framework; sourceTree = SDKROOT; };
		760FE81B1C479D66008F131F /* TWAPIManager.h */ = {isa = PBXFileReference; fileEncoding = 4; lastKnownFileType = sourcecode.c.h; path = TWAPIManager.h; sourceTree = "<group>"; };
		760FE81C1C479D66008F131F /* TWAPIManager.m */ = {isa = PBXFileReference; fileEncoding = 4; lastKnownFileType = sourcecode.c.objc; path = TWAPIManager.m; sourceTree = "<group>"; };
		760FE8231C47C1CC008F131F /* TWTwitterAccount.h */ = {isa = PBXFileReference; fileEncoding = 4; lastKnownFileType = sourcecode.c.h; path = TWTwitterAccount.h; sourceTree = "<group>"; };
		760FE8241C47C1CC008F131F /* TWTwitterAccount.m */ = {isa = PBXFileReference; fileEncoding = 4; lastKnownFileType = sourcecode.c.objc; path = TWTwitterAccount.m; sourceTree = "<group>"; };
		760FE8261C47C245008F131F /* TWAccountManager.h */ = {isa = PBXFileReference; fileEncoding = 4; lastKnownFileType = sourcecode.c.h; path = TWAccountManager.h; sourceTree = "<group>"; };
		760FE8271C47C245008F131F /* TWAccountManager.m */ = {isa = PBXFileReference; fileEncoding = 4; lastKnownFileType = sourcecode.c.objc; path = TWAccountManager.m; sourceTree = "<group>"; };
		760FE8291C47D13C008F131F /* TWFollowingTableViewCell.h */ = {isa = PBXFileReference; fileEncoding = 4; lastKnownFileType = sourcecode.c.h; path = TWFollowingTableViewCell.h; sourceTree = "<group>"; };
		760FE82A1C47D13C008F131F /* TWFollowingTableViewCell.m */ = {isa = PBXFileReference; fileEncoding = 4; lastKnownFileType = sourcecode.c.objc; path = TWFollowingTableViewCell.m; sourceTree = "<group>"; };
		761A76D61C4F851700007C35 /* TWFavoritesTableViewController.h */ = {isa = PBXFileReference; fileEncoding = 4; lastKnownFileType = sourcecode.c.h; path = TWFavoritesTableViewController.h; sourceTree = "<group>"; };
		761A76D71C4F851700007C35 /* TWFavoritesTableViewController.m */ = {isa = PBXFileReference; fileEncoding = 4; lastKnownFileType = sourcecode.c.objc; path = TWFavoritesTableViewController.m; sourceTree = "<group>"; };
		761A76DA1C4FA2EB00007C35 /* TWFavoritesManager.h */ = {isa = PBXFileReference; fileEncoding = 4; lastKnownFileType = sourcecode.c.h; path = TWFavoritesManager.h; sourceTree = "<group>"; };
		761A76DB1C4FA2EB00007C35 /* TWFavoritesManager.m */ = {isa = PBXFileReference; fileEncoding = 4; lastKnownFileType = sourcecode.c.objc; path = TWFavoritesManager.m; sourceTree = "<group>"; };
		762E85631C62514200578CB7 /* FavoriteAccount+CoreDataProperties.h */ = {isa = PBXFileReference; fileEncoding = 4; lastKnownFileType = sourcecode.c.h; path = "FavoriteAccount+CoreDataProperties.h"; sourceTree = "<group>"; };
		762E85641C62514200578CB7 /* FavoriteAccount+CoreDataProperties.m */ = {isa = PBXFileReference; fileEncoding = 4; lastKnownFileType = sourcecode.c.objc; path = "FavoriteAccount+CoreDataProperties.m"; sourceTree = "<group>"; };
		762E85651C62514200578CB7 /* FavoriteAccount.h */ = {isa = PBXFileReference; fileEncoding = 4; lastKnownFileType = sourcecode.c.h; path = FavoriteAccount.h; sourceTree = "<group>"; };
		762E85661C62514200578CB7 /* FavoriteAccount.m */ = {isa = PBXFileReference; fileEncoding = 4; lastKnownFileType = sourcecode.c.objc; path = FavoriteAccount.m; sourceTree = "<group>"; };
		762E856C1C63361F00578CB7 /* cross.png */ = {isa = PBXFileReference; lastKnownFileType = image.png; path = cross.png; sourceTree = "<group>"; };
		762E856E1C63535B00578CB7 /* heart.png */ = {isa = PBXFileReference; lastKnownFileType = image.png; path = heart.png; sourceTree = "<group>"; };
		762E85701C6353CE00578CB7 /* retweet.png */ = {isa = PBXFileReference; lastKnownFileType = image.png; path = retweet.png; sourceTree = "<group>"; };
		762E85771C6367E200578CB7 /* cross2.png */ = {isa = PBXFileReference; lastKnownFileType = image.png; path = cross2.png; sourceTree = "<group>"; };
		762E85791C63689700578CB7 /* cross3.png */ = {isa = PBXFileReference; lastKnownFileType = image.png; path = cross3.png; sourceTree = "<group>"; };
		762E857B1C63693100578CB7 /* taskos.png */ = {isa = PBXFileReference; lastKnownFileType = image.png; path = taskos.png; sourceTree = "<group>"; };
		762E857D1C6369AC00578CB7 /* retweet2.png */ = {isa = PBXFileReference; lastKnownFileType = image.png; path = retweet2.png; sourceTree = "<group>"; };
		762E857F1C636AB000578CB7 /* retweet_small.png */ = {isa = PBXFileReference; lastKnownFileType = image.png; path = retweet_small.png; sourceTree = "<group>"; };
		762E85811C636BEB00578CB7 /* heart_small.png */ = {isa = PBXFileReference; lastKnownFileType = image.png; path = heart_small.png; sourceTree = "<group>"; };
		762E85831C6377BD00578CB7 /* favorites.png */ = {isa = PBXFileReference; lastKnownFileType = image.png; path = favorites.png; sourceTree = "<group>"; };
		7662C89A1C5A3CC800544150 /* TWTweet.h */ = {isa = PBXFileReference; fileEncoding = 4; lastKnownFileType = sourcecode.c.h; path = TWTweet.h; sourceTree = "<group>"; };
		7662C89B1C5A3CC800544150 /* TWTweet.m */ = {isa = PBXFileReference; fileEncoding = 4; lastKnownFileType = sourcecode.c.objc; path = TWTweet.m; sourceTree = "<group>"; };
		7662C89D1C5B3CB800544150 /* TWTweetView.h */ = {isa = PBXFileReference; fileEncoding = 4; lastKnownFileType = sourcecode.c.h; path = TWTweetView.h; sourceTree = "<group>"; };
		7662C89E1C5B3CB800544150 /* TWTweetView.m */ = {isa = PBXFileReference; fileEncoding = 4; lastKnownFileType = sourcecode.c.objc; path = TWTweetView.m; sourceTree = "<group>"; };
		7662C8A01C5B3D8F00544150 /* TWImageLabelView.h */ = {isa = PBXFileReference; fileEncoding = 4; lastKnownFileType = sourcecode.c.h; path = TWImageLabelView.h; sourceTree = "<group>"; };
		7662C8A11C5B3D8F00544150 /* TWImageLabelView.m */ = {isa = PBXFileReference; fileEncoding = 4; lastKnownFileType = sourcecode.c.objc; path = TWImageLabelView.m; sourceTree = "<group>"; };
		7662C8A31C5B5E1700544150 /* TWTweetView.xib */ = {isa = PBXFileReference; fileEncoding = 4; lastKnownFileType = file.xib; path = TWTweetView.xib; sourceTree = "<group>"; };
		766348151C5135FE00E8F287 /* NSManagedObjectContext+Extensions.h */ = {isa = PBXFileReference; fileEncoding = 4; lastKnownFileType = sourcecode.c.h; path = "NSManagedObjectContext+Extensions.h"; sourceTree = "<group>"; };
		766348161C5135FE00E8F287 /* NSManagedObjectContext+Extensions.m */ = {isa = PBXFileReference; fileEncoding = 4; lastKnownFileType = sourcecode.c.objc; path = "NSManagedObjectContext+Extensions.m"; sourceTree = "<group>"; };
		766348171C5135FE00E8F287 /* TTController.h */ = {isa = PBXFileReference; fileEncoding = 4; lastKnownFileType = sourcecode.c.h; path = TTController.h; sourceTree = "<group>"; };
		766348181C5135FE00E8F287 /* TTController.m */ = {isa = PBXFileReference; fileEncoding = 4; lastKnownFileType = sourcecode.c.objc; path = TTController.m; sourceTree = "<group>"; };
		7663481D1C51372800E8F287 /* TTController+FavoriteAccount.m */ = {isa = PBXFileReference; fileEncoding = 4; lastKnownFileType = sourcecode.c.objc; path = "TTController+FavoriteAccount.m"; sourceTree = "<group>"; };
		766348251C51FBC900E8F287 /* TWTweetCardViewController.h */ = {isa = PBXFileReference; fileEncoding = 4; lastKnownFileType = sourcecode.c.h; path = TWTweetCardViewController.h; sourceTree = "<group>"; };
		766348261C51FBC900E8F287 /* TWTweetCardViewController.m */ = {isa = PBXFileReference; fileEncoding = 4; lastKnownFileType = sourcecode.c.objc; path = TWTweetCardViewController.m; sourceTree = "<group>"; };
		7684FC441C4E0D8100E3A1C3 /* TWResultsTableViewController.h */ = {isa = PBXFileReference; fileEncoding = 4; lastKnownFileType = sourcecode.c.h; path = TWResultsTableViewController.h; sourceTree = "<group>"; };
		7684FC451C4E0D8100E3A1C3 /* TWResultsTableViewController.m */ = {isa = PBXFileReference; fileEncoding = 4; lastKnownFileType = sourcecode.c.objc; path = TWResultsTableViewController.m; sourceTree = "<group>"; };
		76CEEAEE1C50A4B4004A6520 /* TWTwinderEngine.h */ = {isa = PBXFileReference; fileEncoding = 4; lastKnownFileType = sourcecode.c.h; path = TWTwinderEngine.h; sourceTree = "<group>"; };
		76CEEAEF1C50A4B4004A6520 /* TWTwinderEngine.m */ = {isa = PBXFileReference; fileEncoding = 4; lastKnownFileType = sourcecode.c.objc; path = TWTwinderEngine.m; sourceTree = "<group>"; };
		76CEEAF11C50C17A004A6520 /* iphone5_ios6.jpg */ = {isa = PBXFileReference; lastKnownFileType = image.jpeg; path = iphone5_ios6.jpg; sourceTree = "<group>"; };
		76E728E81C60827A00B51422 /* TWTweetFactory.h */ = {isa = PBXFileReference; fileEncoding = 4; lastKnownFileType = sourcecode.c.h; path = TWTweetFactory.h; sourceTree = "<group>"; };
		76E728E91C60827A00B51422 /* TWTweetFactory.m */ = {isa = PBXFileReference; fileEncoding = 4; lastKnownFileType = sourcecode.c.objc; path = TWTweetFactory.m; sourceTree = "<group>"; };
		81E0AF0DC1363F047B0A012F /* libPods-TWListOfFollwers.a */ = {isa = PBXFileReference; explicitFileType = archive.ar; includeInIndex = 0; path = "libPods-TWListOfFollwers.a"; sourceTree = BUILT_PRODUCTS_DIR; };
		B965451E1E7D52E195D1A174 /* Pods-TWListOfFollwers.debug.xcconfig */ = {isa = PBXFileReference; includeInIndex = 1; lastKnownFileType = text.xcconfig; name = "Pods-TWListOfFollwers.debug.xcconfig"; path = "Pods/Target Support Files/Pods-TWListOfFollwers/Pods-TWListOfFollwers.debug.xcconfig"; sourceTree = "<group>"; };
		D5DB594CE9AF2C06AEF002A7 /* Pods-TWListOfFollwers.release.xcconfig */ = {isa = PBXFileReference; includeInIndex = 1; lastKnownFileType = text.xcconfig; name = "Pods-TWListOfFollwers.release.xcconfig"; path = "Pods/Target Support Files/Pods-TWListOfFollwers/Pods-TWListOfFollwers.release.xcconfig"; sourceTree = "<group>"; };
/* End PBXFileReference section */

/* Begin PBXFrameworksBuildPhase section */
		760FE7FA1C477891008F131F /* Frameworks */ = {
			isa = PBXFrameworksBuildPhase;
			buildActionMask = 2147483647;
			files = (
				760BFA0E1C50F2EE00E06366 /* CoreData.framework in Frameworks */,
				760FE81A1C477D88008F131F /* Social.framework in Frameworks */,
				760FE8181C477D83008F131F /* Accounts.framework in Frameworks */,
				87327EC5F401D708B1D5A16B /* libPods-TWListOfFollwers.a in Frameworks */,
			);
			runOnlyForDeploymentPostprocessing = 0;
		};
/* End PBXFrameworksBuildPhase section */

/* Begin PBXGroup section */
		1FE2A9145C7744E85FE85264 /* Frameworks */ = {
			isa = PBXGroup;
			children = (
				760FE8191C477D88008F131F /* Social.framework */,
				760FE8171C477D83008F131F /* Accounts.framework */,
				760BFA0D1C50F2EE00E06366 /* CoreData.framework */,
				81E0AF0DC1363F047B0A012F /* libPods-TWListOfFollwers.a */,
			);
			name = Frameworks;
			sourceTree = "<group>";
		};
		760BF9F21C50EE0C00E06366 /* TWCustomViews */ = {
			isa = PBXGroup;
			children = (
				760FE8291C47D13C008F131F /* TWFollowingTableViewCell.h */,
				760FE82A1C47D13C008F131F /* TWFollowingTableViewCell.m */,
				7662C89D1C5B3CB800544150 /* TWTweetView.h */,
				7662C89E1C5B3CB800544150 /* TWTweetView.m */,
				7662C8A01C5B3D8F00544150 /* TWImageLabelView.h */,
				7662C8A11C5B3D8F00544150 /* TWImageLabelView.m */,
			);
			name = TWCustomViews;
			sourceTree = "<group>";
		};
		760BF9F31C50EEFB00E06366 /* TWViewControllers */ = {
			isa = PBXGroup;
			children = (
				760FE8061C477891008F131F /* TWFollowingsListViewController.h */,
				760FE8071C477891008F131F /* TWFollowingsListViewController.m */,
				7684FC441C4E0D8100E3A1C3 /* TWResultsTableViewController.h */,
				7684FC451C4E0D8100E3A1C3 /* TWResultsTableViewController.m */,
				761A76D61C4F851700007C35 /* TWFavoritesTableViewController.h */,
				761A76D71C4F851700007C35 /* TWFavoritesTableViewController.m */,
				766348251C51FBC900E8F287 /* TWTweetCardViewController.h */,
				766348261C51FBC900E8F287 /* TWTweetCardViewController.m */,
			);
			name = TWViewControllers;
			sourceTree = "<group>";
		};
		760BFA001C50F1AC00E06366 /* TWCoreDataModel */ = {
			isa = PBXGroup;
			children = (
				762E85631C62514200578CB7 /* FavoriteAccount+CoreDataProperties.h */,
				762E85641C62514200578CB7 /* FavoriteAccount+CoreDataProperties.m */,
				762E85651C62514200578CB7 /* FavoriteAccount.h */,
				762E85661C62514200578CB7 /* FavoriteAccount.m */,
				766348151C5135FE00E8F287 /* NSManagedObjectContext+Extensions.h */,
				766348161C5135FE00E8F287 /* NSManagedObjectContext+Extensions.m */,
				766348171C5135FE00E8F287 /* TTController.h */,
				766348181C5135FE00E8F287 /* TTController.m */,
				7663481D1C51372800E8F287 /* TTController+FavoriteAccount.m */,
				760BFA0F1C50F31200E06366 /* TWCoreDataManager.h */,
				760BFA101C50F31200E06366 /* TWCoreDataManager.m */,
			);
			path = TWCoreDataModel;
			sourceTree = "<group>";
		};
		760FE7F41C477891008F131F = {
			isa = PBXGroup;
			children = (
				760FE7FF1C477891008F131F /* TWListOfFollwers */,
				760FE7FE1C477891008F131F /* Products */,
				90F9DBF8B5A5C833D6DEBACF /* Pods */,
				1FE2A9145C7744E85FE85264 /* Frameworks */,
			);
			sourceTree = "<group>";
		};
		760FE7FE1C477891008F131F /* Products */ = {
			isa = PBXGroup;
			children = (
				760FE7FD1C477891008F131F /* TWListOfFollwers.app */,
			);
			name = Products;
			sourceTree = "<group>";
		};
		760FE7FF1C477891008F131F /* TWListOfFollwers */ = {
			isa = PBXGroup;
			children = (
				760BFA001C50F1AC00E06366 /* TWCoreDataModel */,
				760BF9F31C50EEFB00E06366 /* TWViewControllers */,
				760BF9F21C50EE0C00E06366 /* TWCustomViews */,
				761A76D91C4FA2D100007C35 /* TWManagers */,
				7684FC3A1C4CC0A400E3A1C3 /* TWModel */,
				760FE8001C477891008F131F /* Supporting Files */,
			);
			path = TWListOfFollwers;
			sourceTree = "<group>";
		};
		760FE8001C477891008F131F /* Supporting Files */ = {
			isa = PBXGroup;
			children = (
				762E85691C6335D500578CB7 /* Images */,
				760BF9F41C50F0F100E06366 /* TwinderFavorites.xcdatamodeld */,
				760FE8031C477891008F131F /* AppDelegate.h */,
				760FE8041C477891008F131F /* AppDelegate.m */,
				760FE8091C477891008F131F /* Main.storyboard */,
				760FE80C1C477891008F131F /* Assets.xcassets */,
				760FE80E1C477891008F131F /* LaunchScreen.storyboard */,
				760FE8111C477891008F131F /* Info.plist */,
				76CEEAF11C50C17A004A6520 /* iphone5_ios6.jpg */,
				760FE8011C477891008F131F /* main.m */,
				760BFA141C50F5FA00E06366 /* TWListOfFollwers-PrefixHeader.pch */,
				7662C8A31C5B5E1700544150 /* TWTweetView.xib */,
			);
			name = "Supporting Files";
			sourceTree = "<group>";
		};
		761A76D91C4FA2D100007C35 /* TWManagers */ = {
			isa = PBXGroup;
			children = (
				76CEEAEE1C50A4B4004A6520 /* TWTwinderEngine.h */,
				76CEEAEF1C50A4B4004A6520 /* TWTwinderEngine.m */,
				760FE8261C47C245008F131F /* TWAccountManager.h */,
				760FE8271C47C245008F131F /* TWAccountManager.m */,
				761A76DA1C4FA2EB00007C35 /* TWFavoritesManager.h */,
				761A76DB1C4FA2EB00007C35 /* TWFavoritesManager.m */,
				760FE81B1C479D66008F131F /* TWAPIManager.h */,
				760FE81C1C479D66008F131F /* TWAPIManager.m */,
				76E728E81C60827A00B51422 /* TWTweetFactory.h */,
				76E728E91C60827A00B51422 /* TWTweetFactory.m */,
			);
			name = TWManagers;
			sourceTree = "<group>";
		};
		762E85691C6335D500578CB7 /* Images */ = {
			isa = PBXGroup;
			children = (
				762E85831C6377BD00578CB7 /* favorites.png */,
				762E85811C636BEB00578CB7 /* heart_small.png */,
				762E857F1C636AB000578CB7 /* retweet_small.png */,
				762E857D1C6369AC00578CB7 /* retweet2.png */,
				762E857B1C63693100578CB7 /* taskos.png */,
				762E85771C6367E200578CB7 /* cross2.png */,
				762E85791C63689700578CB7 /* cross3.png */,
				762E856C1C63361F00578CB7 /* cross.png */,
				762E85701C6353CE00578CB7 /* retweet.png */,
				762E856E1C63535B00578CB7 /* heart.png */,
			);
			name = Images;
			sourceTree = "<group>";
		};
		7684FC3A1C4CC0A400E3A1C3 /* TWModel */ = {
			isa = PBXGroup;
			children = (
				760FE8231C47C1CC008F131F /* TWTwitterAccount.h */,
				760FE8241C47C1CC008F131F /* TWTwitterAccount.m */,
				7662C89A1C5A3CC800544150 /* TWTweet.h */,
				7662C89B1C5A3CC800544150 /* TWTweet.m */,
			);
			name = TWModel;
			sourceTree = "<group>";
		};
		90F9DBF8B5A5C833D6DEBACF /* Pods */ = {
			isa = PBXGroup;
			children = (
				B965451E1E7D52E195D1A174 /* Pods-TWListOfFollwers.debug.xcconfig */,
				D5DB594CE9AF2C06AEF002A7 /* Pods-TWListOfFollwers.release.xcconfig */,
			);
			name = Pods;
			sourceTree = "<group>";
		};
/* End PBXGroup section */

/* Begin PBXNativeTarget section */
		760FE7FC1C477891008F131F /* TWListOfFollwers */ = {
			isa = PBXNativeTarget;
			buildConfigurationList = 760FE8141C477891008F131F /* Build configuration list for PBXNativeTarget "TWListOfFollwers" */;
			buildPhases = (
				350A2E7D4A6587B0E8C88B37 /* Check Pods Manifest.lock */,
				760FE7F91C477891008F131F /* Sources */,
				760FE7FA1C477891008F131F /* Frameworks */,
				760FE7FB1C477891008F131F /* Resources */,
				B6278BEB7DED9A3FEDF210D4 /* Embed Pods Frameworks */,
				49E3B3C72318DEFE0919F0EB /* Copy Pods Resources */,
			);
			buildRules = (
			);
			dependencies = (
			);
			name = TWListOfFollwers;
			productName = TWListOfFollwers;
			productReference = 760FE7FD1C477891008F131F /* TWListOfFollwers.app */;
			productType = "com.apple.product-type.application";
		};
/* End PBXNativeTarget section */

/* Begin PBXProject section */
		760FE7F51C477891008F131F /* Project object */ = {
			isa = PBXProject;
			attributes = {
				LastUpgradeCheck = 0720;
				ORGANIZATIONNAME = "Nithin Bhaktha";
				TargetAttributes = {
					760FE7FC1C477891008F131F = {
						CreatedOnToolsVersion = 7.2;
						DevelopmentTeam = J9S7Q96E3X;
					};
				};
			};
			buildConfigurationList = 760FE7F81C477891008F131F /* Build configuration list for PBXProject "TWListOfFollwers" */;
			compatibilityVersion = "Xcode 3.2";
			developmentRegion = English;
			hasScannedForEncodings = 0;
			knownRegions = (
				en,
				Base,
			);
			mainGroup = 760FE7F41C477891008F131F;
			productRefGroup = 760FE7FE1C477891008F131F /* Products */;
			projectDirPath = "";
			projectRoot = "";
			targets = (
				760FE7FC1C477891008F131F /* TWListOfFollwers */,
			);
		};
/* End PBXProject section */

/* Begin PBXResourcesBuildPhase section */
		760FE7FB1C477891008F131F /* Resources */ = {
			isa = PBXResourcesBuildPhase;
			buildActionMask = 2147483647;
			files = (
				762E85821C636BEB00578CB7 /* heart_small.png in Resources */,
				762E857A1C63689700578CB7 /* cross3.png in Resources */,
				762E856D1C63361F00578CB7 /* cross.png in Resources */,
				762E85781C6367E200578CB7 /* cross2.png in Resources */,
				760FE8101C477891008F131F /* LaunchScreen.storyboard in Resources */,
				760FE80D1C477891008F131F /* Assets.xcassets in Resources */,
				762E857E1C6369AC00578CB7 /* retweet2.png in Resources */,
				762E85841C6377BD00578CB7 /* favorites.png in Resources */,
				762E857C1C63693100578CB7 /* taskos.png in Resources */,
				760FE80B1C477891008F131F /* Main.storyboard in Resources */,
				762E856F1C63535B00578CB7 /* heart.png in Resources */,
				7662C8A41C5B5E1700544150 /* TWTweetView.xib in Resources */,
				762E85711C6353CE00578CB7 /* retweet.png in Resources */,
				76CEEAF21C50C17A004A6520 /* iphone5_ios6.jpg in Resources */,
				762E85801C636AB000578CB7 /* retweet_small.png in Resources */,
			);
			runOnlyForDeploymentPostprocessing = 0;
		};
/* End PBXResourcesBuildPhase section */

/* Begin PBXShellScriptBuildPhase section */
		350A2E7D4A6587B0E8C88B37 /* Check Pods Manifest.lock */ = {
			isa = PBXShellScriptBuildPhase;
			buildActionMask = 2147483647;
			files = (
			);
			inputPaths = (
			);
			name = "Check Pods Manifest.lock";
			outputPaths = (
			);
			runOnlyForDeploymentPostprocessing = 0;
			shellPath = /bin/sh;
			shellScript = "diff \"${PODS_ROOT}/../Podfile.lock\" \"${PODS_ROOT}/Manifest.lock\" > /dev/null\nif [[ $? != 0 ]] ; then\n    cat << EOM\nerror: The sandbox is not in sync with the Podfile.lock. Run 'pod install' or update your CocoaPods installation.\nEOM\n    exit 1\nfi\n";
			showEnvVarsInLog = 0;
		};
		49E3B3C72318DEFE0919F0EB /* Copy Pods Resources */ = {
			isa = PBXShellScriptBuildPhase;
			buildActionMask = 2147483647;
			files = (
			);
			inputPaths = (
			);
			name = "Copy Pods Resources";
			outputPaths = (
			);
			runOnlyForDeploymentPostprocessing = 0;
			shellPath = /bin/sh;
			shellScript = "\"${SRCROOT}/Pods/Target Support Files/Pods-TWListOfFollwers/Pods-TWListOfFollwers-resources.sh\"\n";
			showEnvVarsInLog = 0;
		};
		B6278BEB7DED9A3FEDF210D4 /* Embed Pods Frameworks */ = {
			isa = PBXShellScriptBuildPhase;
			buildActionMask = 2147483647;
			files = (
			);
			inputPaths = (
			);
			name = "Embed Pods Frameworks";
			outputPaths = (
			);
			runOnlyForDeploymentPostprocessing = 0;
			shellPath = /bin/sh;
			shellScript = "\"${SRCROOT}/Pods/Target Support Files/Pods-TWListOfFollwers/Pods-TWListOfFollwers-frameworks.sh\"\n";
			showEnvVarsInLog = 0;
		};
/* End PBXShellScriptBuildPhase section */

/* Begin PBXSourcesBuildPhase section */
		760FE7F91C477891008F131F /* Sources */ = {
			isa = PBXSourcesBuildPhase;
			buildActionMask = 2147483647;
			files = (
				76E728EA1C60827A00B51422 /* TWTweetFactory.m in Sources */,
				761A76D81C4F851700007C35 /* TWFavoritesTableViewController.m in Sources */,
				760FE82B1C47D13C008F131F /* TWFollowingTableViewCell.m in Sources */,
				766348271C51FBC900E8F287 /* TWTweetCardViewController.m in Sources */,
				760FE8081C477891008F131F /* TWFollowingsListViewController.m in Sources */,
				7662C89C1C5A3CC800544150 /* TWTweet.m in Sources */,
				760FE81D1C479D66008F131F /* TWAPIManager.m in Sources */,
				7662C89F1C5B3CB800544150 /* TWTweetView.m in Sources */,
				7663481A1C5135FE00E8F287 /* TTController.m in Sources */,
				761A76DC1C4FA2EB00007C35 /* TWFavoritesManager.m in Sources */,
				760BF9F61C50F0F100E06366 /* TwinderFavorites.xcdatamodeld in Sources */,
				760FE8281C47C245008F131F /* TWAccountManager.m in Sources */,
				760FE8051C477891008F131F /* AppDelegate.m in Sources */,
				762E85681C62514200578CB7 /* FavoriteAccount.m in Sources */,
				762E85671C62514200578CB7 /* FavoriteAccount+CoreDataProperties.m in Sources */,
				76CEEAF01C50A4B4004A6520 /* TWTwinderEngine.m in Sources */,
				766348191C5135FE00E8F287 /* NSManagedObjectContext+Extensions.m in Sources */,
				7663481E1C51372800E8F287 /* TTController+FavoriteAccount.m in Sources */,
				760BFA111C50F31200E06366 /* TWCoreDataManager.m in Sources */,
				7684FC461C4E0D8100E3A1C3 /* TWResultsTableViewController.m in Sources */,
				760FE8021C477891008F131F /* main.m in Sources */,
				7662C8A21C5B3D8F00544150 /* TWImageLabelView.m in Sources */,
				760FE8251C47C1CC008F131F /* TWTwitterAccount.m in Sources */,
			);
			runOnlyForDeploymentPostprocessing = 0;
		};
/* End PBXSourcesBuildPhase section */

/* Begin PBXVariantGroup section */
		760FE8091C477891008F131F /* Main.storyboard */ = {
			isa = PBXVariantGroup;
			children = (
				760FE80A1C477891008F131F /* Base */,
			);
			name = Main.storyboard;
			sourceTree = "<group>";
		};
		760FE80E1C477891008F131F /* LaunchScreen.storyboard */ = {
			isa = PBXVariantGroup;
			children = (
				760FE80F1C477891008F131F /* Base */,
			);
			name = LaunchScreen.storyboard;
			sourceTree = "<group>";
		};
/* End PBXVariantGroup section */

/* Begin XCBuildConfiguration section */
		760FE8121C477891008F131F /* Debug */ = {
			isa = XCBuildConfiguration;
			buildSettings = {
				ALWAYS_SEARCH_USER_PATHS = NO;
				CLANG_CXX_LANGUAGE_STANDARD = "gnu++0x";
				CLANG_CXX_LIBRARY = "libc++";
				CLANG_ENABLE_MODULES = YES;
				CLANG_ENABLE_OBJC_ARC = YES;
				CLANG_WARN_BOOL_CONVERSION = YES;
				CLANG_WARN_CONSTANT_CONVERSION = YES;
				CLANG_WARN_DIRECT_OBJC_ISA_USAGE = YES_ERROR;
				CLANG_WARN_EMPTY_BODY = YES;
				CLANG_WARN_ENUM_CONVERSION = YES;
				CLANG_WARN_INT_CONVERSION = YES;
				CLANG_WARN_OBJC_ROOT_CLASS = YES_ERROR;
				CLANG_WARN_UNREACHABLE_CODE = YES;
				CLANG_WARN__DUPLICATE_METHOD_MATCH = YES;
				"CODE_SIGN_IDENTITY[sdk=iphoneos*]" = "iPhone Developer";
				COPY_PHASE_STRIP = NO;
				DEBUG_INFORMATION_FORMAT = dwarf;
				ENABLE_STRICT_OBJC_MSGSEND = YES;
				ENABLE_TESTABILITY = YES;
				GCC_C_LANGUAGE_STANDARD = gnu99;
				GCC_DYNAMIC_NO_PIC = NO;
				GCC_NO_COMMON_BLOCKS = YES;
				GCC_OPTIMIZATION_LEVEL = 0;
				GCC_PREPROCESSOR_DEFINITIONS = (
					"DEBUG=1",
					"$(inherited)",
				);
				GCC_WARN_64_TO_32_BIT_CONVERSION = YES;
				GCC_WARN_ABOUT_RETURN_TYPE = YES_ERROR;
				GCC_WARN_UNDECLARED_SELECTOR = YES;
				GCC_WARN_UNINITIALIZED_AUTOS = YES_AGGRESSIVE;
				GCC_WARN_UNUSED_FUNCTION = YES;
				GCC_WARN_UNUSED_VARIABLE = YES;
				IPHONEOS_DEPLOYMENT_TARGET = 9.2;
				MTL_ENABLE_DEBUG_INFO = YES;
				ONLY_ACTIVE_ARCH = YES;
				SDKROOT = iphoneos;
			};
			name = Debug;
		};
		760FE8131C477891008F131F /* Release */ = {
			isa = XCBuildConfiguration;
			buildSettings = {
				ALWAYS_SEARCH_USER_PATHS = NO;
				CLANG_CXX_LANGUAGE_STANDARD = "gnu++0x";
				CLANG_CXX_LIBRARY = "libc++";
				CLANG_ENABLE_MODULES = YES;
				CLANG_ENABLE_OBJC_ARC = YES;
				CLANG_WARN_BOOL_CONVERSION = YES;
				CLANG_WARN_CONSTANT_CONVERSION = YES;
				CLANG_WARN_DIRECT_OBJC_ISA_USAGE = YES_ERROR;
				CLANG_WARN_EMPTY_BODY = YES;
				CLANG_WARN_ENUM_CONVERSION = YES;
				CLANG_WARN_INT_CONVERSION = YES;
				CLANG_WARN_OBJC_ROOT_CLASS = YES_ERROR;
				CLANG_WARN_UNREACHABLE_CODE = YES;
				CLANG_WARN__DUPLICATE_METHOD_MATCH = YES;
				"CODE_SIGN_IDENTITY[sdk=iphoneos*]" = "iPhone Developer";
				COPY_PHASE_STRIP = NO;
				DEBUG_INFORMATION_FORMAT = "dwarf-with-dsym";
				ENABLE_NS_ASSERTIONS = NO;
				ENABLE_STRICT_OBJC_MSGSEND = YES;
				GCC_C_LANGUAGE_STANDARD = gnu99;
				GCC_NO_COMMON_BLOCKS = YES;
				GCC_WARN_64_TO_32_BIT_CONVERSION = YES;
				GCC_WARN_ABOUT_RETURN_TYPE = YES_ERROR;
				GCC_WARN_UNDECLARED_SELECTOR = YES;
				GCC_WARN_UNINITIALIZED_AUTOS = YES_AGGRESSIVE;
				GCC_WARN_UNUSED_FUNCTION = YES;
				GCC_WARN_UNUSED_VARIABLE = YES;
				IPHONEOS_DEPLOYMENT_TARGET = 9.2;
				MTL_ENABLE_DEBUG_INFO = NO;
				SDKROOT = iphoneos;
				VALIDATE_PRODUCT = YES;
			};
			name = Release;
		};
		760FE8151C477891008F131F /* Debug */ = {
			isa = XCBuildConfiguration;
			baseConfigurationReference = B965451E1E7D52E195D1A174 /* Pods-TWListOfFollwers.debug.xcconfig */;
			buildSettings = {
				ASSETCATALOG_COMPILER_APPICON_NAME = AppIcon;
				CODE_SIGN_IDENTITY = "iPhone Developer";
				"CODE_SIGN_IDENTITY[sdk=iphoneos*]" = "iPhone Developer";
				GCC_PRECOMPILE_PREFIX_HEADER = YES;
				GCC_PREFIX_HEADER = "TWListOfFollwers-PrefixHeader.pch";
				INFOPLIST_FILE = TWListOfFollwers/Info.plist;
				LD_RUNPATH_SEARCH_PATHS = "$(inherited) @executable_path/Frameworks";
				PRODUCT_BUNDLE_IDENTIFIER = com.AirWatch.TWListOfFollwers;
				PRODUCT_NAME = "$(TARGET_NAME)";
				PROVISIONING_PROFILE = "";
			};
			name = Debug;
		};
		760FE8161C477891008F131F /* Release */ = {
			isa = XCBuildConfiguration;
			baseConfigurationReference = D5DB594CE9AF2C06AEF002A7 /* Pods-TWListOfFollwers.release.xcconfig */;
			buildSettings = {
				ASSETCATALOG_COMPILER_APPICON_NAME = AppIcon;
				CODE_SIGN_IDENTITY = "iPhone Developer";
				"CODE_SIGN_IDENTITY[sdk=iphoneos*]" = "iPhone Developer";
				GCC_PRECOMPILE_PREFIX_HEADER = YES;
				GCC_PREFIX_HEADER = "TWListOfFollwers-PrefixHeader.pch";
				INFOPLIST_FILE = TWListOfFollwers/Info.plist;
				LD_RUNPATH_SEARCH_PATHS = "$(inherited) @executable_path/Frameworks";
				PRODUCT_BUNDLE_IDENTIFIER = com.AirWatch.TWListOfFollwers;
				PRODUCT_NAME = "$(TARGET_NAME)";
				PROVISIONING_PROFILE = "";
			};
			name = Release;
		};
/* End XCBuildConfiguration section */

/* Begin XCConfigurationList section */
		760FE7F81C477891008F131F /* Build configuration list for PBXProject "TWListOfFollwers" */ = {
			isa = XCConfigurationList;
			buildConfigurations = (
				760FE8121C477891008F131F /* Debug */,
				760FE8131C477891008F131F /* Release */,
			);
			defaultConfigurationIsVisible = 0;
			defaultConfigurationName = Release;
		};
		760FE8141C477891008F131F /* Build configuration list for PBXNativeTarget "TWListOfFollwers" */ = {
			isa = XCConfigurationList;
			buildConfigurations = (
				760FE8151C477891008F131F /* Debug */,
				760FE8161C477891008F131F /* Release */,
			);
			defaultConfigurationIsVisible = 0;
			defaultConfigurationName = Release;
		};
/* End XCConfigurationList section */

/* Begin XCVersionGroup section */
		760BF9F41C50F0F100E06366 /* TwinderFavorites.xcdatamodeld */ = {
			isa = XCVersionGroup;
			children = (
				760BF9F51C50F0F100E06366 /* TwinderFavorites.xcdatamodel */,
			);
			currentVersion = 760BF9F51C50F0F100E06366 /* TwinderFavorites.xcdatamodel */;
			name = TwinderFavorites.xcdatamodeld;
			path = ../TwinderFavorites.xcdatamodeld;
			sourceTree = "<group>";
			versionGroupType = wrapper.xcdatamodel;
		};
/* End XCVersionGroup section */
	};
	rootObject = 760FE7F51C477891008F131F /* Project object */;
}
